{
  "name": "googleExt",
  "lockfileVersion": 3,
  "requires": true,
  "packages": {
    "": {
      "dependencies": {
        "chrome-types": "^0.1.422"
      }
    },
    "node_modules/chrome-types": {
      "version": "0.1.422",
      "resolved": "https://registry.npmjs.org/chrome-types/-/chrome-types-0.1.422.tgz",
      "integrity": "sha512-MgPDW7KFMTLUIHJtwybUcF7AoYenjPEGqJidFYojJuNSSM0kjuO293w+79t1VLkI1RcNS/2yCJLDglCW6X8tTQ==",
      "license": "Apache-2.0"
    }
  }
}
